
Microsoft Visual Studio Solution File, Format Version 11.00
# Visual Studio 2010
Project("{FAE04EC0-301F-11D3-BF4B-00C04F79EFBC}") = "Assembly-CSharp", "Assembly-CSharp.csproj", "{8662E9A1-9988-E356-93BA-7FAE60AB458A}"
EndProject
Project("{FAE04EC0-301F-11D3-BF4B-00C04F79EFBC}") = "Assembly-CSharp-Editor", "Assembly-CSharp-Editor.csproj", "{AEE046DB-187B-B506-986B-E4BF4C2C006B}"
EndProject
Global
	GlobalSection(SolutionConfigurationPlatforms) = preSolution
		Debug|Any CPU = Debug|Any CPU
		Release|Any CPU = Release|Any CPU
	EndGlobalSection
	GlobalSection(ProjectConfigurationPlatforms) = postSolution
		{8662E9A1-9988-E356-93BA-7FAE60AB458A}.Debug|Any CPU.ActiveCfg = Debug|Any CPU
		{8662E9A1-9988-E356-93BA-7FAE60AB458A}.Debug|Any CPU.Build.0 = Debug|Any CPU
		{8662E9A1-9988-E356-93BA-7FAE60AB458A}.Release|Any CPU.ActiveCfg = Release|Any CPU
		{8662E9A1-9988-E356-93BA-7FAE60AB458A}.Release|Any CPU.Build.0 = Release|Any CPU
		{AEE046DB-187B-B506-986B-E4BF4C2C006B}.Debug|Any CPU.ActiveCfg = Debug|Any CPU
		{AEE046DB-187B-B506-986B-E4BF4C2C006B}.Debug|Any CPU.Build.0 = Debug|Any CPU
		{AEE046DB-187B-B506-986B-E4BF4C2C006B}.Release|Any CPU.ActiveCfg = Release|Any CPU
		{AEE046DB-187B-B506-986B-E4BF4C2C006B}.Release|Any CPU.Build.0 = Release|Any CPU
	EndGlobalSection
	GlobalSection(SolutionProperties) = preSolution
		HideSolutionNode = FALSE
	EndGlobalSection
	GlobalSection(MonoDevelopProperties) = preSolution
		StartupItem = Assembly-CSharp.csproj
	EndGlobalSection
EndGlobal
